# This file is autogenerated, do not edit; changes may be undone by the next 'dep ensure'.


[[projects]]
  branch = "master"
  name = "github.com/andrew-d/isbinary"
  packages = ["."]
  revision = "e6fe02933397c4c8747f4d6535d07e71ae85182e"

[[projects]]
  name = "github.com/davecgh/go-spew"
  packages = ["spew"]
  revision = "346938d642f2ec3594ed81d874461961cd0faa76"
  version = "v1.1.0"

[[projects]]
  name = "github.com/fatih/set"
  packages = ["."]
  revision = "57907de300222151a123d29255ed17f5ed43fad3"
  version = "v0.1.0"

[[projects]]
  branch = "master"
  name = "github.com/inconshreveable/mousetrap"
  packages = ["."]
  revision = "76626ae9c91c4f2a10f34cad8ce83ea42c93bb75"

[[projects]]
  branch = "master"
  name = "github.com/mattn/go-zglob"
  packages = [".","fastwalk"]
  revision = "95345c4e1c0ebc9d16a3284177f09360f4d20fab"

[[projects]]
  branch = "master"
  name = "github.com/mitchellh/go-homedir"
  packages = ["."]
  revision = "b8bc1bf767474819792c23f32d8286a45736f1c6"

[[projects]]
  branch = "master"
  name = "github.com/mohae/deepcopy"
  packages = ["."]
  revision = "491d3605edfb866af34a48075bd4355ac1bf46ca"

[[projects]]
  name = "github.com/pmezard/go-difflib"
  packages = ["difflib"]
  revision = "792786c7400a136282c1664665ae0a8db921c6c2"
  version = "v1.0.0"

[[projects]]
  branch = "master"
  name = "github.com/sabhiram/go-gitignore"
  packages = ["."]
  revision = "730f0220149475811d197e7905f73b3eadd28f4b"

[[projects]]
  branch = "master"
  name = "github.com/spf13/cobra"
  packages = ["."]
  revision = "c46add8a652801b61513ad36c56759f302fbb028"

[[projects]]
  branch = "master"
  name = "github.com/spf13/pflag"
  packages = ["."]
  revision = "e57e3eeb33f795204c1ca35f56c44f83227c6e66"

[[projects]]
  name = "github.com/stretchr/testify"
  packages = ["assert"]
  revision = "69483b4bd14f5845b5a1e55bca19e954e827f1d0"
  version = "v1.1.4"

[[projects]]
  branch = "v2"
  name = "gopkg.in/yaml.v2"
  packages = ["."]
  revision = "3b4ad1db5b2a649883ff3782f5f9f6fb52be71af"

[solve-meta]
  analyzer-name = "dep"
  analyzer-version = 1
  inputs-digest = "02e90e49c4733a3e30ccabd9870c2a33908c036eebfdef2850871033c88cae60"
  solver-name = "gps-cdcl"
  solver-version = 1
